
Microsoft Visual Studio Solution File, Format Version 12.00
# Visual Studio Version 16
VisualStudioVersion = 16.0.31624.102
MinimumVisualStudioVersion = 10.0.40219.1
Project("{FAE04EC0-301F-11D3-BF4B-00C04F79EFBC}") = "SkillAssureUML", "SkillAssureUML\SkillAssureUML.csproj", "{B99A7434-B3F6-441B-9D46-EFC067A46251}"
EndProject
Global
	GlobalSection(SolutionConfigurationPlatforms) = preSolution
		Debug|Any CPU = Debug|Any CPU
		Release|Any CPU = Release|Any CPU
	EndGlobalSection
	GlobalSection(ProjectConfigurationPlatforms) = postSolution
		{B99A7434-B3F6-441B-9D46-EFC067A46251}.Debug|Any CPU.ActiveCfg = Debug|Any CPU
		{B99A7434-B3F6-441B-9D46-EFC067A46251}.Debug|Any CPU.Build.0 = Debug|Any CPU
		{B99A7434-B3F6-441B-9D46-EFC067A46251}.Release|Any CPU.ActiveCfg = Release|Any CPU
		{B99A7434-B3F6-441B-9D46-EFC067A46251}.Release|Any CPU.Build.0 = Release|Any CPU
	EndGlobalSection
	GlobalSection(SolutionProperties) = preSolution
		HideSolutionNode = FALSE
	EndGlobalSection
	GlobalSection(ExtensibilityGlobals) = postSolution
		SolutionGuid = {ADE1D1FD-1134-4556-8A9D-FA4FC1F41D56}
	EndGlobalSection
EndGlobal
