
Microsoft Visual Studio Solution File, Format Version 12.00
# Visual Studio Version 16
VisualStudioVersion = 16.0.31624.102
MinimumVisualStudioVersion = 10.0.40219.1
Project("{FAE04EC0-301F-11D3-BF4B-00C04F79EFBC}") = "StudentResult", "StudentResult\StudentResult.csproj", "{068B14C8-1364-4805-B9AC-AF3BA0C045BC}"
EndProject
Project("{FAE04EC0-301F-11D3-BF4B-00C04F79EFBC}") = "StudentResultCalculatorLibrary", "StudentResultCalculatorLibrary\StudentResultCalculatorLibrary.csproj", "{3546E4BA-14B1-4F66-8E23-98069046E393}"
EndProject
Project("{2150E333-8FDC-42A3-9474-1A3956D46DE8}") = "StudentDetails", "StudentDetails", "{E304E7FF-FA97-4A24-BCD6-100EBB142664}"
EndProject
Project("{FAE04EC0-301F-11D3-BF4B-00C04F79EFBC}") = "StudentResultWindowsFormsApp", "StudentResultWindowsFormsApp\StudentResultWindowsFormsApp.csproj", "{87E46F14-7FEB-4C65-A998-CC27C627E0A9}"
EndProject
Global
	GlobalSection(SolutionConfigurationPlatforms) = preSolution
		Debug|Any CPU = Debug|Any CPU
		Release|Any CPU = Release|Any CPU
	EndGlobalSection
	GlobalSection(ProjectConfigurationPlatforms) = postSolution
		{068B14C8-1364-4805-B9AC-AF3BA0C045BC}.Debug|Any CPU.ActiveCfg = Debug|Any CPU
		{068B14C8-1364-4805-B9AC-AF3BA0C045BC}.Debug|Any CPU.Build.0 = Debug|Any CPU
		{068B14C8-1364-4805-B9AC-AF3BA0C045BC}.Release|Any CPU.ActiveCfg = Release|Any CPU
		{068B14C8-1364-4805-B9AC-AF3BA0C045BC}.Release|Any CPU.Build.0 = Release|Any CPU
		{3546E4BA-14B1-4F66-8E23-98069046E393}.Debug|Any CPU.ActiveCfg = Debug|Any CPU
		{3546E4BA-14B1-4F66-8E23-98069046E393}.Debug|Any CPU.Build.0 = Debug|Any CPU
		{3546E4BA-14B1-4F66-8E23-98069046E393}.Release|Any CPU.ActiveCfg = Release|Any CPU
		{3546E4BA-14B1-4F66-8E23-98069046E393}.Release|Any CPU.Build.0 = Release|Any CPU
		{87E46F14-7FEB-4C65-A998-CC27C627E0A9}.Debug|Any CPU.ActiveCfg = Debug|Any CPU
		{87E46F14-7FEB-4C65-A998-CC27C627E0A9}.Debug|Any CPU.Build.0 = Debug|Any CPU
		{87E46F14-7FEB-4C65-A998-CC27C627E0A9}.Release|Any CPU.ActiveCfg = Release|Any CPU
		{87E46F14-7FEB-4C65-A998-CC27C627E0A9}.Release|Any CPU.Build.0 = Release|Any CPU
	EndGlobalSection
	GlobalSection(SolutionProperties) = preSolution
		HideSolutionNode = FALSE
	EndGlobalSection
	GlobalSection(NestedProjects) = preSolution
		{068B14C8-1364-4805-B9AC-AF3BA0C045BC} = {E304E7FF-FA97-4A24-BCD6-100EBB142664}
		{3546E4BA-14B1-4F66-8E23-98069046E393} = {E304E7FF-FA97-4A24-BCD6-100EBB142664}
		{87E46F14-7FEB-4C65-A998-CC27C627E0A9} = {E304E7FF-FA97-4A24-BCD6-100EBB142664}
	EndGlobalSection
	GlobalSection(ExtensibilityGlobals) = postSolution
		SolutionGuid = {10388623-8329-435F-A22E-A1952285189A}
	EndGlobalSection
EndGlobal
