
Microsoft Visual Studio Solution File, Format Version 12.00
# Visual Studio Version 16
VisualStudioVersion = 16.0.31624.102
MinimumVisualStudioVersion = 10.0.40219.1
Project("{FAE04EC0-301F-11D3-BF4B-00C04F79EFBC}") = "StudentResult", "StudentResult\StudentResult.csproj", "{068B14C8-1364-4805-B9AC-AF3BA0C045BC}"
EndProject
Project("{FAE04EC0-301F-11D3-BF4B-00C04F79EFBC}") = "StudentResultWindowsFormsApplication", "StudentResultWindowsFormsApplication\StudentResultWindowsFormsApplication.csproj", "{BA39AFC5-CEA2-424E-B2ED-21098D5BC7DB}"
EndProject
Project("{FAE04EC0-301F-11D3-BF4B-00C04F79EFBC}") = "StudentResultCalculatorClassLibrary", "StudentResultCalculatorClassLibrary\StudentResultCalculatorClassLibrary.csproj", "{370FCFB7-179E-49E7-8C87-02DBECC8665A}"
EndProject
Project("{FAE04EC0-301F-11D3-BF4B-00C04F79EFBC}") = "StudentResultCalculatorLibraryClass.UnitTestProject", "StudentResultCalculatorLibraryClass.UnitTestProject\StudentResultCalculatorLibraryClass.UnitTestProject.csproj", "{A3D1D426-43CF-4CAE-A4D5-F8FC709CFEBB}"
EndProject
Project("{2150E333-8FDC-42A3-9474-1A3956D46DE8}") = "StudentResultCalculator", "StudentResultCalculator", "{1980F02C-386C-4358-A0B4-E1B189DBC0D6}"
EndProject
Project("{2150E333-8FDC-42A3-9474-1A3956D46DE8}") = "CollectionDemo", "CollectionDemo", "{3D171373-CB13-4F23-893F-7BA8DC9782C0}"
EndProject
Project("{FAE04EC0-301F-11D3-BF4B-00C04F79EFBC}") = "CollectionDemo1", "CollectionDemo1\CollectionDemo1.csproj", "{08384C23-4983-425E-AA61-522031458569}"
EndProject
Project("{2150E333-8FDC-42A3-9474-1A3956D46DE8}") = "HandsOnCollection", "HandsOnCollection", "{FC5E88EF-6CE6-4ED9-ADEE-37747AF7B9CA}"
EndProject
Project("{FAE04EC0-301F-11D3-BF4B-00C04F79EFBC}") = "Assignment1", "Assignment1\Assignment1.csproj", "{3A53EAD7-5A8C-4797-B3C3-7A90772959AF}"
EndProject
Project("{FAE04EC0-301F-11D3-BF4B-00C04F79EFBC}") = "Assignment2", "Assignment2\Assignment2.csproj", "{28E63B51-2210-409D-ADE8-DADEB8033483}"
EndProject
Project("{FAE04EC0-301F-11D3-BF4B-00C04F79EFBC}") = "Assignment3", "Assignment3\Assignment3.csproj", "{70D4CA99-7A86-488F-9FF1-9B48C78923D8}"
EndProject
Project("{FAE04EC0-301F-11D3-BF4B-00C04F79EFBC}") = "Assignment4", "Assignment4\Assignment4.csproj", "{FABA301D-2A98-4039-888D-1AFEE47D381C}"
EndProject
Project("{FAE04EC0-301F-11D3-BF4B-00C04F79EFBC}") = "Assignment5", "Assignment5\Assignment5.csproj", "{A898D6A7-CE66-454F-B380-C480F3253BE4}"
EndProject
Project("{FAE04EC0-301F-11D3-BF4B-00C04F79EFBC}") = "Assignment6", "Assignment6\Assignment6.csproj", "{0F4F8CF4-0982-4907-9861-7D804B7EA60D}"
EndProject
Project("{FAE04EC0-301F-11D3-BF4B-00C04F79EFBC}") = "FileHandlingDemo", "FileHandlingDemo\FileHandlingDemo.csproj", "{39FEA057-7DBC-4AEA-BE01-D1CD865E1E4E}"
EndProject
Project("{2150E333-8FDC-42A3-9474-1A3956D46DE8}") = "File Handling", "File Handling", "{E792C128-13F6-4742-A80E-FC0008DBF9D8}"
EndProject
Project("{FAE04EC0-301F-11D3-BF4B-00C04F79EFBC}") = "FileHandlingDemo2", "FileHandlingDemo2\FileHandlingDemo2.csproj", "{2013460C-B772-4BFF-A6A7-0926AC4B5440}"
EndProject
Project("{FAE04EC0-301F-11D3-BF4B-00C04F79EFBC}") = "DelegatesDemo", "DelegatesDemo\DelegatesDemo.csproj", "{1C01E2C0-AD75-4A23-998F-D0B86B791BEB}"
EndProject
Project("{2150E333-8FDC-42A3-9474-1A3956D46DE8}") = "Delegates", "Delegates", "{F24DA624-9BD3-4FB9-AB25-9FE7D2DDFE51}"
EndProject
Project("{FAE04EC0-301F-11D3-BF4B-00C04F79EFBC}") = "DelegatesDemo2", "DelegatesDemo2\DelegatesDemo2.csproj", "{41823366-C9AD-4B04-953F-BE47A708B713}"
EndProject
Project("{FAE04EC0-301F-11D3-BF4B-00C04F79EFBC}") = "DelegateDemo3", "DelegateDemo3\DelegateDemo3.csproj", "{230D6E63-D099-4C0A-8BA1-84218388240D}"
EndProject
Project("{2150E333-8FDC-42A3-9474-1A3956D46DE8}") = "File Handling HandsOn", "File Handling HandsOn", "{9490A508-EACD-42CD-80CA-F213D8943D6D}"
EndProject
Project("{FAE04EC0-301F-11D3-BF4B-00C04F79EFBC}") = "HandsOn1", "HandsOn1\HandsOn1.csproj", "{B8AEC473-4B2C-4320-B530-A13B3C6D86F9}"
EndProject
Project("{2150E333-8FDC-42A3-9474-1A3956D46DE8}") = "Delegates HandsOn", "Delegates HandsOn", "{5F2EA456-1D39-432F-B50B-C4D8DE8F2B85}"
EndProject
Project("{FAE04EC0-301F-11D3-BF4B-00C04F79EFBC}") = "HandsOn2", "HandsOn2\HandsOn2.csproj", "{4E6A116E-47DF-4B74-AC23-FC8BE5F2F52E}"
EndProject
Project("{FAE04EC0-301F-11D3-BF4B-00C04F79EFBC}") = "SearchEngine", "SearchEngine\SearchEngine.csproj", "{0C31E262-2F56-4E8D-A916-E5B37BD2FB38}"
EndProject
Project("{2150E333-8FDC-42A3-9474-1A3956D46DE8}") = "Search Engine case study", "Search Engine case study", "{E8F5B9D5-DB9E-4D7A-A73C-92DD04DAF5CC}"
EndProject
Project("{FAE04EC0-301F-11D3-BF4B-00C04F79EFBC}") = "Sample", "Sample\Sample.csproj", "{1EF93E60-0A53-4B3A-899E-3D98A94EF60D}"
EndProject
Project("{2150E333-8FDC-42A3-9474-1A3956D46DE8}") = "MultiThreading", "MultiThreading", "{F27A905A-E187-4CC5-B573-982CAED92CAE}"
EndProject
Project("{FAE04EC0-301F-11D3-BF4B-00C04F79EFBC}") = "MultiThreadingDemo1", "MultiThreadingDemo1\MultiThreadingDemo1.csproj", "{9022FE41-6C23-4A17-8BDE-AF4EC3F70B4C}"
EndProject
Project("{FAE04EC0-301F-11D3-BF4B-00C04F79EFBC}") = "MultiThreadingDemo2", "MultiThreadingDemo2\MultiThreadingDemo2.csproj", "{452839F2-29A1-40CB-B606-B61F2A30242F}"
EndProject
Project("{FAE04EC0-301F-11D3-BF4B-00C04F79EFBC}") = "MultiThreadingDemo3", "MultiThreadingDemo3\MultiThreadingDemo3.csproj", "{BA317CBA-73E4-4A4F-8830-9551BA0EE344}"
EndProject
Project("{FAE04EC0-301F-11D3-BF4B-00C04F79EFBC}") = "MTWindowsFormsApp", "MTWindowsFormsApp\MTWindowsFormsApp.csproj", "{65BBB1E7-E635-4BC2-8EB0-0241178D7B6E}"
EndProject
Project("{FAE04EC0-301F-11D3-BF4B-00C04F79EFBC}") = "ParallelConsoleApp2", "ParallelConsoleApp2\ParallelConsoleApp2.csproj", "{F0292390-22EE-4E0D-983A-900521168DA2}"
EndProject
Project("{FAE04EC0-301F-11D3-BF4B-00C04F79EFBC}") = "ParallelPrg", "ParallelPrg\ParallelPrg.csproj", "{F4983168-D022-47E7-9197-9F38F64D6ECC}"
EndProject
Project("{2150E333-8FDC-42A3-9474-1A3956D46DE8}") = "MultiThreading HandsOn", "MultiThreading HandsOn", "{9AB706A7-3487-4E15-964C-D9DA5E473F7A}"
EndProject
Project("{FAE04EC0-301F-11D3-BF4B-00C04F79EFBC}") = "MTHandsOn", "MTHandsOn\MTHandsOn.csproj", "{01D147A6-3EF0-4E95-964B-4D557C5A73E2}"
EndProject
Project("{2150E333-8FDC-42A3-9474-1A3956D46DE8}") = "ADODotNet", "ADODotNet", "{98814696-A291-4F59-B2D3-09086E6F1CFD}"
EndProject
Project("{FAE04EC0-301F-11D3-BF4B-00C04F79EFBC}") = "DBDemo1", "DBDemo1\DBDemo1.csproj", "{FE8CE399-7F21-4D39-9FFF-95283BA73042}"
EndProject
Project("{2150E333-8FDC-42A3-9474-1A3956D46DE8}") = "HandsOnStoredProcedure", "HandsOnStoredProcedure", "{2E343CC7-053E-47B1-AEC0-0AC24A64BE3A}"
EndProject
Project("{FAE04EC0-301F-11D3-BF4B-00C04F79EFBC}") = "StoredProcedureHandsOn", "StoredProcedureHandsOn\StoredProcedureHandsOn.csproj", "{F56CE77E-67C9-424F-B102-7C9DC34ADBED}"
EndProject
Project("{FAE04EC0-301F-11D3-BF4B-00C04F79EFBC}") = "ContactManager", "ContactManager\ContactManager.csproj", "{38CFE29C-0C0F-4ABC-9EA4-90512265AC17}"
EndProject
Project("{2150E333-8FDC-42A3-9474-1A3956D46DE8}") = "LINQ", "LINQ", "{BE7D25C2-7049-4C5F-BC7D-7FFEA0DCC43D}"
EndProject
Project("{FAE04EC0-301F-11D3-BF4B-00C04F79EFBC}") = "LinqDemo1", "LinqDemo1\LinqDemo1.csproj", "{16C05C23-8427-4577-814E-30A7BAEB86E9}"
EndProject
Project("{FAE04EC0-301F-11D3-BF4B-00C04F79EFBC}") = "LinqDemo2", "LinqDemo2\LinqDemo2.csproj", "{D146FCDF-42F3-41BE-963D-9517378F9AD8}"
EndProject
Project("{2150E333-8FDC-42A3-9474-1A3956D46DE8}") = "Linq Labs", "Linq Labs", "{3F500412-7060-414F-BA7F-836888DEC2AF}"
EndProject
Project("{FAE04EC0-301F-11D3-BF4B-00C04F79EFBC}") = "NewLanguageFeatures", "NewLanguageFeatures\NewLanguageFeatures.csproj", "{4D88C5D6-8146-4B43-AE87-963D129F7AD2}"
EndProject
Project("{FAE04EC0-301F-11D3-BF4B-00C04F79EFBC}") = "NewLanguageFeatures6", "ConsoleApp1\NewLanguageFeatures6.csproj", "{E8952A18-F0C4-4E79-952F-2498295E1FB5}"
EndProject
Project("{FAE04EC0-301F-11D3-BF4B-00C04F79EFBC}") = "NewLanguageFeatures7", "NewLanguageFeatures7\NewLanguageFeatures7.csproj", "{320257EA-8902-42D4-BD46-CA820EB73A99}"
EndProject
Project("{FAE04EC0-301F-11D3-BF4B-00C04F79EFBC}") = "NewLanguageFeatures8", "NewLanguageFeatures8\NewLanguageFeatures8.csproj", "{E4D98C14-2399-4BC7-A9FA-98685B7BC7A8}"
EndProject
Global
	GlobalSection(SolutionConfigurationPlatforms) = preSolution
		Debug|Any CPU = Debug|Any CPU
		Release|Any CPU = Release|Any CPU
	EndGlobalSection
	GlobalSection(ProjectConfigurationPlatforms) = postSolution
		{068B14C8-1364-4805-B9AC-AF3BA0C045BC}.Debug|Any CPU.ActiveCfg = Debug|Any CPU
		{068B14C8-1364-4805-B9AC-AF3BA0C045BC}.Debug|Any CPU.Build.0 = Debug|Any CPU
		{068B14C8-1364-4805-B9AC-AF3BA0C045BC}.Release|Any CPU.ActiveCfg = Release|Any CPU
		{068B14C8-1364-4805-B9AC-AF3BA0C045BC}.Release|Any CPU.Build.0 = Release|Any CPU
		{BA39AFC5-CEA2-424E-B2ED-21098D5BC7DB}.Debug|Any CPU.ActiveCfg = Debug|Any CPU
		{BA39AFC5-CEA2-424E-B2ED-21098D5BC7DB}.Debug|Any CPU.Build.0 = Debug|Any CPU
		{BA39AFC5-CEA2-424E-B2ED-21098D5BC7DB}.Release|Any CPU.ActiveCfg = Release|Any CPU
		{BA39AFC5-CEA2-424E-B2ED-21098D5BC7DB}.Release|Any CPU.Build.0 = Release|Any CPU
		{370FCFB7-179E-49E7-8C87-02DBECC8665A}.Debug|Any CPU.ActiveCfg = Debug|Any CPU
		{370FCFB7-179E-49E7-8C87-02DBECC8665A}.Debug|Any CPU.Build.0 = Debug|Any CPU
		{370FCFB7-179E-49E7-8C87-02DBECC8665A}.Release|Any CPU.ActiveCfg = Release|Any CPU
		{370FCFB7-179E-49E7-8C87-02DBECC8665A}.Release|Any CPU.Build.0 = Release|Any CPU
		{A3D1D426-43CF-4CAE-A4D5-F8FC709CFEBB}.Debug|Any CPU.ActiveCfg = Debug|Any CPU
		{A3D1D426-43CF-4CAE-A4D5-F8FC709CFEBB}.Debug|Any CPU.Build.0 = Debug|Any CPU
		{A3D1D426-43CF-4CAE-A4D5-F8FC709CFEBB}.Release|Any CPU.ActiveCfg = Release|Any CPU
		{A3D1D426-43CF-4CAE-A4D5-F8FC709CFEBB}.Release|Any CPU.Build.0 = Release|Any CPU
		{08384C23-4983-425E-AA61-522031458569}.Debug|Any CPU.ActiveCfg = Debug|Any CPU
		{08384C23-4983-425E-AA61-522031458569}.Debug|Any CPU.Build.0 = Debug|Any CPU
		{08384C23-4983-425E-AA61-522031458569}.Release|Any CPU.ActiveCfg = Release|Any CPU
		{08384C23-4983-425E-AA61-522031458569}.Release|Any CPU.Build.0 = Release|Any CPU
		{3A53EAD7-5A8C-4797-B3C3-7A90772959AF}.Debug|Any CPU.ActiveCfg = Debug|Any CPU
		{3A53EAD7-5A8C-4797-B3C3-7A90772959AF}.Debug|Any CPU.Build.0 = Debug|Any CPU
		{3A53EAD7-5A8C-4797-B3C3-7A90772959AF}.Release|Any CPU.ActiveCfg = Release|Any CPU
		{3A53EAD7-5A8C-4797-B3C3-7A90772959AF}.Release|Any CPU.Build.0 = Release|Any CPU
		{28E63B51-2210-409D-ADE8-DADEB8033483}.Debug|Any CPU.ActiveCfg = Debug|Any CPU
		{28E63B51-2210-409D-ADE8-DADEB8033483}.Debug|Any CPU.Build.0 = Debug|Any CPU
		{28E63B51-2210-409D-ADE8-DADEB8033483}.Release|Any CPU.ActiveCfg = Release|Any CPU
		{28E63B51-2210-409D-ADE8-DADEB8033483}.Release|Any CPU.Build.0 = Release|Any CPU
		{70D4CA99-7A86-488F-9FF1-9B48C78923D8}.Debug|Any CPU.ActiveCfg = Debug|Any CPU
		{70D4CA99-7A86-488F-9FF1-9B48C78923D8}.Debug|Any CPU.Build.0 = Debug|Any CPU
		{70D4CA99-7A86-488F-9FF1-9B48C78923D8}.Release|Any CPU.ActiveCfg = Release|Any CPU
		{70D4CA99-7A86-488F-9FF1-9B48C78923D8}.Release|Any CPU.Build.0 = Release|Any CPU
		{FABA301D-2A98-4039-888D-1AFEE47D381C}.Debug|Any CPU.ActiveCfg = Debug|Any CPU
		{FABA301D-2A98-4039-888D-1AFEE47D381C}.Debug|Any CPU.Build.0 = Debug|Any CPU
		{FABA301D-2A98-4039-888D-1AFEE47D381C}.Release|Any CPU.ActiveCfg = Release|Any CPU
		{FABA301D-2A98-4039-888D-1AFEE47D381C}.Release|Any CPU.Build.0 = Release|Any CPU
		{A898D6A7-CE66-454F-B380-C480F3253BE4}.Debug|Any CPU.ActiveCfg = Debug|Any CPU
		{A898D6A7-CE66-454F-B380-C480F3253BE4}.Debug|Any CPU.Build.0 = Debug|Any CPU
		{A898D6A7-CE66-454F-B380-C480F3253BE4}.Release|Any CPU.ActiveCfg = Release|Any CPU
		{A898D6A7-CE66-454F-B380-C480F3253BE4}.Release|Any CPU.Build.0 = Release|Any CPU
		{0F4F8CF4-0982-4907-9861-7D804B7EA60D}.Debug|Any CPU.ActiveCfg = Debug|Any CPU
		{0F4F8CF4-0982-4907-9861-7D804B7EA60D}.Debug|Any CPU.Build.0 = Debug|Any CPU
		{0F4F8CF4-0982-4907-9861-7D804B7EA60D}.Release|Any CPU.ActiveCfg = Release|Any CPU
		{0F4F8CF4-0982-4907-9861-7D804B7EA60D}.Release|Any CPU.Build.0 = Release|Any CPU
		{39FEA057-7DBC-4AEA-BE01-D1CD865E1E4E}.Debug|Any CPU.ActiveCfg = Debug|Any CPU
		{39FEA057-7DBC-4AEA-BE01-D1CD865E1E4E}.Debug|Any CPU.Build.0 = Debug|Any CPU
		{39FEA057-7DBC-4AEA-BE01-D1CD865E1E4E}.Release|Any CPU.ActiveCfg = Release|Any CPU
		{39FEA057-7DBC-4AEA-BE01-D1CD865E1E4E}.Release|Any CPU.Build.0 = Release|Any CPU
		{2013460C-B772-4BFF-A6A7-0926AC4B5440}.Debug|Any CPU.ActiveCfg = Debug|Any CPU
		{2013460C-B772-4BFF-A6A7-0926AC4B5440}.Debug|Any CPU.Build.0 = Debug|Any CPU
		{2013460C-B772-4BFF-A6A7-0926AC4B5440}.Release|Any CPU.ActiveCfg = Release|Any CPU
		{2013460C-B772-4BFF-A6A7-0926AC4B5440}.Release|Any CPU.Build.0 = Release|Any CPU
		{1C01E2C0-AD75-4A23-998F-D0B86B791BEB}.Debug|Any CPU.ActiveCfg = Debug|Any CPU
		{1C01E2C0-AD75-4A23-998F-D0B86B791BEB}.Debug|Any CPU.Build.0 = Debug|Any CPU
		{1C01E2C0-AD75-4A23-998F-D0B86B791BEB}.Release|Any CPU.ActiveCfg = Release|Any CPU
		{1C01E2C0-AD75-4A23-998F-D0B86B791BEB}.Release|Any CPU.Build.0 = Release|Any CPU
		{41823366-C9AD-4B04-953F-BE47A708B713}.Debug|Any CPU.ActiveCfg = Debug|Any CPU
		{41823366-C9AD-4B04-953F-BE47A708B713}.Debug|Any CPU.Build.0 = Debug|Any CPU
		{41823366-C9AD-4B04-953F-BE47A708B713}.Release|Any CPU.ActiveCfg = Release|Any CPU
		{41823366-C9AD-4B04-953F-BE47A708B713}.Release|Any CPU.Build.0 = Release|Any CPU
		{230D6E63-D099-4C0A-8BA1-84218388240D}.Debug|Any CPU.ActiveCfg = Debug|Any CPU
		{230D6E63-D099-4C0A-8BA1-84218388240D}.Debug|Any CPU.Build.0 = Debug|Any CPU
		{230D6E63-D099-4C0A-8BA1-84218388240D}.Release|Any CPU.ActiveCfg = Release|Any CPU
		{230D6E63-D099-4C0A-8BA1-84218388240D}.Release|Any CPU.Build.0 = Release|Any CPU
		{B8AEC473-4B2C-4320-B530-A13B3C6D86F9}.Debug|Any CPU.ActiveCfg = Debug|Any CPU
		{B8AEC473-4B2C-4320-B530-A13B3C6D86F9}.Debug|Any CPU.Build.0 = Debug|Any CPU
		{B8AEC473-4B2C-4320-B530-A13B3C6D86F9}.Release|Any CPU.ActiveCfg = Release|Any CPU
		{B8AEC473-4B2C-4320-B530-A13B3C6D86F9}.Release|Any CPU.Build.0 = Release|Any CPU
		{4E6A116E-47DF-4B74-AC23-FC8BE5F2F52E}.Debug|Any CPU.ActiveCfg = Debug|Any CPU
		{4E6A116E-47DF-4B74-AC23-FC8BE5F2F52E}.Debug|Any CPU.Build.0 = Debug|Any CPU
		{4E6A116E-47DF-4B74-AC23-FC8BE5F2F52E}.Release|Any CPU.ActiveCfg = Release|Any CPU
		{4E6A116E-47DF-4B74-AC23-FC8BE5F2F52E}.Release|Any CPU.Build.0 = Release|Any CPU
		{0C31E262-2F56-4E8D-A916-E5B37BD2FB38}.Debug|Any CPU.ActiveCfg = Debug|Any CPU
		{0C31E262-2F56-4E8D-A916-E5B37BD2FB38}.Debug|Any CPU.Build.0 = Debug|Any CPU
		{0C31E262-2F56-4E8D-A916-E5B37BD2FB38}.Release|Any CPU.ActiveCfg = Release|Any CPU
		{0C31E262-2F56-4E8D-A916-E5B37BD2FB38}.Release|Any CPU.Build.0 = Release|Any CPU
		{1EF93E60-0A53-4B3A-899E-3D98A94EF60D}.Debug|Any CPU.ActiveCfg = Debug|Any CPU
		{1EF93E60-0A53-4B3A-899E-3D98A94EF60D}.Debug|Any CPU.Build.0 = Debug|Any CPU
		{1EF93E60-0A53-4B3A-899E-3D98A94EF60D}.Release|Any CPU.ActiveCfg = Release|Any CPU
		{1EF93E60-0A53-4B3A-899E-3D98A94EF60D}.Release|Any CPU.Build.0 = Release|Any CPU
		{9022FE41-6C23-4A17-8BDE-AF4EC3F70B4C}.Debug|Any CPU.ActiveCfg = Debug|Any CPU
		{9022FE41-6C23-4A17-8BDE-AF4EC3F70B4C}.Debug|Any CPU.Build.0 = Debug|Any CPU
		{9022FE41-6C23-4A17-8BDE-AF4EC3F70B4C}.Release|Any CPU.ActiveCfg = Release|Any CPU
		{9022FE41-6C23-4A17-8BDE-AF4EC3F70B4C}.Release|Any CPU.Build.0 = Release|Any CPU
		{452839F2-29A1-40CB-B606-B61F2A30242F}.Debug|Any CPU.ActiveCfg = Debug|Any CPU
		{452839F2-29A1-40CB-B606-B61F2A30242F}.Debug|Any CPU.Build.0 = Debug|Any CPU
		{452839F2-29A1-40CB-B606-B61F2A30242F}.Release|Any CPU.ActiveCfg = Release|Any CPU
		{452839F2-29A1-40CB-B606-B61F2A30242F}.Release|Any CPU.Build.0 = Release|Any CPU
		{BA317CBA-73E4-4A4F-8830-9551BA0EE344}.Debug|Any CPU.ActiveCfg = Debug|Any CPU
		{BA317CBA-73E4-4A4F-8830-9551BA0EE344}.Debug|Any CPU.Build.0 = Debug|Any CPU
		{BA317CBA-73E4-4A4F-8830-9551BA0EE344}.Release|Any CPU.ActiveCfg = Release|Any CPU
		{BA317CBA-73E4-4A4F-8830-9551BA0EE344}.Release|Any CPU.Build.0 = Release|Any CPU
		{65BBB1E7-E635-4BC2-8EB0-0241178D7B6E}.Debug|Any CPU.ActiveCfg = Debug|Any CPU
		{65BBB1E7-E635-4BC2-8EB0-0241178D7B6E}.Debug|Any CPU.Build.0 = Debug|Any CPU
		{65BBB1E7-E635-4BC2-8EB0-0241178D7B6E}.Release|Any CPU.ActiveCfg = Release|Any CPU
		{65BBB1E7-E635-4BC2-8EB0-0241178D7B6E}.Release|Any CPU.Build.0 = Release|Any CPU
		{F0292390-22EE-4E0D-983A-900521168DA2}.Debug|Any CPU.ActiveCfg = Debug|Any CPU
		{F0292390-22EE-4E0D-983A-900521168DA2}.Debug|Any CPU.Build.0 = Debug|Any CPU
		{F0292390-22EE-4E0D-983A-900521168DA2}.Release|Any CPU.ActiveCfg = Release|Any CPU
		{F0292390-22EE-4E0D-983A-900521168DA2}.Release|Any CPU.Build.0 = Release|Any CPU
		{F4983168-D022-47E7-9197-9F38F64D6ECC}.Debug|Any CPU.ActiveCfg = Debug|Any CPU
		{F4983168-D022-47E7-9197-9F38F64D6ECC}.Debug|Any CPU.Build.0 = Debug|Any CPU
		{F4983168-D022-47E7-9197-9F38F64D6ECC}.Release|Any CPU.ActiveCfg = Release|Any CPU
		{F4983168-D022-47E7-9197-9F38F64D6ECC}.Release|Any CPU.Build.0 = Release|Any CPU
		{01D147A6-3EF0-4E95-964B-4D557C5A73E2}.Debug|Any CPU.ActiveCfg = Debug|Any CPU
		{01D147A6-3EF0-4E95-964B-4D557C5A73E2}.Debug|Any CPU.Build.0 = Debug|Any CPU
		{01D147A6-3EF0-4E95-964B-4D557C5A73E2}.Release|Any CPU.ActiveCfg = Release|Any CPU
		{01D147A6-3EF0-4E95-964B-4D557C5A73E2}.Release|Any CPU.Build.0 = Release|Any CPU
		{FE8CE399-7F21-4D39-9FFF-95283BA73042}.Debug|Any CPU.ActiveCfg = Debug|Any CPU
		{FE8CE399-7F21-4D39-9FFF-95283BA73042}.Debug|Any CPU.Build.0 = Debug|Any CPU
		{FE8CE399-7F21-4D39-9FFF-95283BA73042}.Release|Any CPU.ActiveCfg = Release|Any CPU
		{FE8CE399-7F21-4D39-9FFF-95283BA73042}.Release|Any CPU.Build.0 = Release|Any CPU
		{F56CE77E-67C9-424F-B102-7C9DC34ADBED}.Debug|Any CPU.ActiveCfg = Debug|Any CPU
		{F56CE77E-67C9-424F-B102-7C9DC34ADBED}.Debug|Any CPU.Build.0 = Debug|Any CPU
		{F56CE77E-67C9-424F-B102-7C9DC34ADBED}.Release|Any CPU.ActiveCfg = Release|Any CPU
		{F56CE77E-67C9-424F-B102-7C9DC34ADBED}.Release|Any CPU.Build.0 = Release|Any CPU
		{38CFE29C-0C0F-4ABC-9EA4-90512265AC17}.Debug|Any CPU.ActiveCfg = Debug|Any CPU
		{38CFE29C-0C0F-4ABC-9EA4-90512265AC17}.Debug|Any CPU.Build.0 = Debug|Any CPU
		{38CFE29C-0C0F-4ABC-9EA4-90512265AC17}.Release|Any CPU.ActiveCfg = Release|Any CPU
		{38CFE29C-0C0F-4ABC-9EA4-90512265AC17}.Release|Any CPU.Build.0 = Release|Any CPU
		{16C05C23-8427-4577-814E-30A7BAEB86E9}.Debug|Any CPU.ActiveCfg = Debug|Any CPU
		{16C05C23-8427-4577-814E-30A7BAEB86E9}.Debug|Any CPU.Build.0 = Debug|Any CPU
		{16C05C23-8427-4577-814E-30A7BAEB86E9}.Release|Any CPU.ActiveCfg = Release|Any CPU
		{16C05C23-8427-4577-814E-30A7BAEB86E9}.Release|Any CPU.Build.0 = Release|Any CPU
		{D146FCDF-42F3-41BE-963D-9517378F9AD8}.Debug|Any CPU.ActiveCfg = Debug|Any CPU
		{D146FCDF-42F3-41BE-963D-9517378F9AD8}.Debug|Any CPU.Build.0 = Debug|Any CPU
		{D146FCDF-42F3-41BE-963D-9517378F9AD8}.Release|Any CPU.ActiveCfg = Release|Any CPU
		{D146FCDF-42F3-41BE-963D-9517378F9AD8}.Release|Any CPU.Build.0 = Release|Any CPU
		{4D88C5D6-8146-4B43-AE87-963D129F7AD2}.Debug|Any CPU.ActiveCfg = Debug|Any CPU
		{4D88C5D6-8146-4B43-AE87-963D129F7AD2}.Debug|Any CPU.Build.0 = Debug|Any CPU
		{4D88C5D6-8146-4B43-AE87-963D129F7AD2}.Release|Any CPU.ActiveCfg = Release|Any CPU
		{4D88C5D6-8146-4B43-AE87-963D129F7AD2}.Release|Any CPU.Build.0 = Release|Any CPU
		{E8952A18-F0C4-4E79-952F-2498295E1FB5}.Debug|Any CPU.ActiveCfg = Debug|Any CPU
		{E8952A18-F0C4-4E79-952F-2498295E1FB5}.Debug|Any CPU.Build.0 = Debug|Any CPU
		{E8952A18-F0C4-4E79-952F-2498295E1FB5}.Release|Any CPU.ActiveCfg = Release|Any CPU
		{E8952A18-F0C4-4E79-952F-2498295E1FB5}.Release|Any CPU.Build.0 = Release|Any CPU
		{320257EA-8902-42D4-BD46-CA820EB73A99}.Debug|Any CPU.ActiveCfg = Debug|Any CPU
		{320257EA-8902-42D4-BD46-CA820EB73A99}.Debug|Any CPU.Build.0 = Debug|Any CPU
		{320257EA-8902-42D4-BD46-CA820EB73A99}.Release|Any CPU.ActiveCfg = Release|Any CPU
		{320257EA-8902-42D4-BD46-CA820EB73A99}.Release|Any CPU.Build.0 = Release|Any CPU
		{E4D98C14-2399-4BC7-A9FA-98685B7BC7A8}.Debug|Any CPU.ActiveCfg = Debug|Any CPU
		{E4D98C14-2399-4BC7-A9FA-98685B7BC7A8}.Debug|Any CPU.Build.0 = Debug|Any CPU
		{E4D98C14-2399-4BC7-A9FA-98685B7BC7A8}.Release|Any CPU.ActiveCfg = Release|Any CPU
		{E4D98C14-2399-4BC7-A9FA-98685B7BC7A8}.Release|Any CPU.Build.0 = Release|Any CPU
	EndGlobalSection
	GlobalSection(SolutionProperties) = preSolution
		HideSolutionNode = FALSE
	EndGlobalSection
	GlobalSection(NestedProjects) = preSolution
		{068B14C8-1364-4805-B9AC-AF3BA0C045BC} = {1980F02C-386C-4358-A0B4-E1B189DBC0D6}
		{BA39AFC5-CEA2-424E-B2ED-21098D5BC7DB} = {1980F02C-386C-4358-A0B4-E1B189DBC0D6}
		{370FCFB7-179E-49E7-8C87-02DBECC8665A} = {1980F02C-386C-4358-A0B4-E1B189DBC0D6}
		{A3D1D426-43CF-4CAE-A4D5-F8FC709CFEBB} = {1980F02C-386C-4358-A0B4-E1B189DBC0D6}
		{08384C23-4983-425E-AA61-522031458569} = {3D171373-CB13-4F23-893F-7BA8DC9782C0}
		{3A53EAD7-5A8C-4797-B3C3-7A90772959AF} = {FC5E88EF-6CE6-4ED9-ADEE-37747AF7B9CA}
		{28E63B51-2210-409D-ADE8-DADEB8033483} = {FC5E88EF-6CE6-4ED9-ADEE-37747AF7B9CA}
		{70D4CA99-7A86-488F-9FF1-9B48C78923D8} = {FC5E88EF-6CE6-4ED9-ADEE-37747AF7B9CA}
		{FABA301D-2A98-4039-888D-1AFEE47D381C} = {FC5E88EF-6CE6-4ED9-ADEE-37747AF7B9CA}
		{A898D6A7-CE66-454F-B380-C480F3253BE4} = {FC5E88EF-6CE6-4ED9-ADEE-37747AF7B9CA}
		{0F4F8CF4-0982-4907-9861-7D804B7EA60D} = {FC5E88EF-6CE6-4ED9-ADEE-37747AF7B9CA}
		{39FEA057-7DBC-4AEA-BE01-D1CD865E1E4E} = {E792C128-13F6-4742-A80E-FC0008DBF9D8}
		{2013460C-B772-4BFF-A6A7-0926AC4B5440} = {E792C128-13F6-4742-A80E-FC0008DBF9D8}
		{1C01E2C0-AD75-4A23-998F-D0B86B791BEB} = {F24DA624-9BD3-4FB9-AB25-9FE7D2DDFE51}
		{41823366-C9AD-4B04-953F-BE47A708B713} = {F24DA624-9BD3-4FB9-AB25-9FE7D2DDFE51}
		{230D6E63-D099-4C0A-8BA1-84218388240D} = {F24DA624-9BD3-4FB9-AB25-9FE7D2DDFE51}
		{B8AEC473-4B2C-4320-B530-A13B3C6D86F9} = {9490A508-EACD-42CD-80CA-F213D8943D6D}
		{4E6A116E-47DF-4B74-AC23-FC8BE5F2F52E} = {5F2EA456-1D39-432F-B50B-C4D8DE8F2B85}
		{0C31E262-2F56-4E8D-A916-E5B37BD2FB38} = {E8F5B9D5-DB9E-4D7A-A73C-92DD04DAF5CC}
		{1EF93E60-0A53-4B3A-899E-3D98A94EF60D} = {E8F5B9D5-DB9E-4D7A-A73C-92DD04DAF5CC}
		{9022FE41-6C23-4A17-8BDE-AF4EC3F70B4C} = {F27A905A-E187-4CC5-B573-982CAED92CAE}
		{452839F2-29A1-40CB-B606-B61F2A30242F} = {F27A905A-E187-4CC5-B573-982CAED92CAE}
		{BA317CBA-73E4-4A4F-8830-9551BA0EE344} = {F27A905A-E187-4CC5-B573-982CAED92CAE}
		{65BBB1E7-E635-4BC2-8EB0-0241178D7B6E} = {F27A905A-E187-4CC5-B573-982CAED92CAE}
		{F0292390-22EE-4E0D-983A-900521168DA2} = {F27A905A-E187-4CC5-B573-982CAED92CAE}
		{F4983168-D022-47E7-9197-9F38F64D6ECC} = {F27A905A-E187-4CC5-B573-982CAED92CAE}
		{01D147A6-3EF0-4E95-964B-4D557C5A73E2} = {9AB706A7-3487-4E15-964C-D9DA5E473F7A}
		{FE8CE399-7F21-4D39-9FFF-95283BA73042} = {98814696-A291-4F59-B2D3-09086E6F1CFD}
		{F56CE77E-67C9-424F-B102-7C9DC34ADBED} = {2E343CC7-053E-47B1-AEC0-0AC24A64BE3A}
		{38CFE29C-0C0F-4ABC-9EA4-90512265AC17} = {98814696-A291-4F59-B2D3-09086E6F1CFD}
		{16C05C23-8427-4577-814E-30A7BAEB86E9} = {BE7D25C2-7049-4C5F-BC7D-7FFEA0DCC43D}
		{D146FCDF-42F3-41BE-963D-9517378F9AD8} = {3F500412-7060-414F-BA7F-836888DEC2AF}
		{4D88C5D6-8146-4B43-AE87-963D129F7AD2} = {3F500412-7060-414F-BA7F-836888DEC2AF}
		{E8952A18-F0C4-4E79-952F-2498295E1FB5} = {3F500412-7060-414F-BA7F-836888DEC2AF}
		{320257EA-8902-42D4-BD46-CA820EB73A99} = {3F500412-7060-414F-BA7F-836888DEC2AF}
		{E4D98C14-2399-4BC7-A9FA-98685B7BC7A8} = {3F500412-7060-414F-BA7F-836888DEC2AF}
	EndGlobalSection
	GlobalSection(ExtensibilityGlobals) = postSolution
		SolutionGuid = {10388623-8329-435F-A22E-A1952285189A}
	EndGlobalSection
EndGlobal
