
Microsoft Visual Studio Solution File, Format Version 12.00
# Visual Studio Version 16
VisualStudioVersion = 16.0.31829.152
MinimumVisualStudioVersion = 10.0.40219.1
Project("{FAE04EC0-301F-11D3-BF4B-00C04F79EFBC}") = "SearchEngineCaseStudy", "SearchEngineCaseStudy\SearchEngineCaseStudy.csproj", "{0DFE649D-725C-4A81-A0F5-A938FD16E232}"
EndProject
Project("{2150E333-8FDC-42A3-9474-1A3956D46DE8}") = "CaseStudy", "CaseStudy", "{DC27DBDB-3631-413C-883E-C0B091B2070F}"
EndProject
Global
	GlobalSection(SolutionConfigurationPlatforms) = preSolution
		Debug|Any CPU = Debug|Any CPU
		Release|Any CPU = Release|Any CPU
	EndGlobalSection
	GlobalSection(ProjectConfigurationPlatforms) = postSolution
		{0DFE649D-725C-4A81-A0F5-A938FD16E232}.Debug|Any CPU.ActiveCfg = Debug|Any CPU
		{0DFE649D-725C-4A81-A0F5-A938FD16E232}.Debug|Any CPU.Build.0 = Debug|Any CPU
		{0DFE649D-725C-4A81-A0F5-A938FD16E232}.Release|Any CPU.ActiveCfg = Release|Any CPU
		{0DFE649D-725C-4A81-A0F5-A938FD16E232}.Release|Any CPU.Build.0 = Release|Any CPU
	EndGlobalSection
	GlobalSection(SolutionProperties) = preSolution
		HideSolutionNode = FALSE
	EndGlobalSection
	GlobalSection(NestedProjects) = preSolution
		{0DFE649D-725C-4A81-A0F5-A938FD16E232} = {DC27DBDB-3631-413C-883E-C0B091B2070F}
	EndGlobalSection
	GlobalSection(ExtensibilityGlobals) = postSolution
		SolutionGuid = {0FB1DDDF-D2A1-40F7-9007-A11A0B50D3B4}
	EndGlobalSection
EndGlobal
